
Microsoft Visual Studio Solution File, Format Version 12.00
# Visual Studio Version 17
VisualStudioVersion = 17.2.32630.192
MinimumVisualStudioVersion = 10.0.40219.1
Project("{FAE04EC0-301F-11D3-BF4B-00C04F79EFBC}") = "Homework1_1_6", "Homework1_1_6\Homework1_1_6.csproj", "{5922A18C-CF0B-43AC-9DBC-57B9DF687E6D}"
EndProject
Global
	GlobalSection(SolutionConfigurationPlatforms) = preSolution
		Debug|Any CPU = Debug|Any CPU
		Release|Any CPU = Release|Any CPU
	EndGlobalSection
	GlobalSection(ProjectConfigurationPlatforms) = postSolution
		{5922A18C-CF0B-43AC-9DBC-57B9DF687E6D}.Debug|Any CPU.ActiveCfg = Debug|Any CPU
		{5922A18C-CF0B-43AC-9DBC-57B9DF687E6D}.Debug|Any CPU.Build.0 = Debug|Any CPU
		{5922A18C-CF0B-43AC-9DBC-57B9DF687E6D}.Release|Any CPU.ActiveCfg = Release|Any CPU
		{5922A18C-CF0B-43AC-9DBC-57B9DF687E6D}.Release|Any CPU.Build.0 = Release|Any CPU
	EndGlobalSection
	GlobalSection(SolutionProperties) = preSolution
		HideSolutionNode = FALSE
	EndGlobalSection
	GlobalSection(ExtensibilityGlobals) = postSolution
		SolutionGuid = {314E7C58-FFA6-42ED-ADA7-531B91FAF95A}
	EndGlobalSection
EndGlobal
